
Microsoft Visual Studio Solution File, Format Version 12.00
# Visual Studio 15
VisualStudioVersion = 15.0.26124.0
MinimumVisualStudioVersion = 15.0.26124.0
Project("{2150E333-8FDC-42A3-9474-1A3956D46DE8}") = "src", "src", "{10DB9B7F-E590-4CD3-BC91-5410E269FFE7}"
EndProject
Project("{2150E333-8FDC-42A3-9474-1A3956D46DE8}") = "apis", "apis", "{4295366E-D368-46BB-8139-178D8344D065}"
EndProject
Project("{FAE04EC0-301F-11D3-BF4B-00C04F79EFBC}") = "Device.API", "src\apis\Device.API\Device.API.csproj", "{707498D2-285F-4215-A4FE-CA707AC62905}"
EndProject
Global
	GlobalSection(SolutionConfigurationPlatforms) = preSolution
		Debug|Any CPU = Debug|Any CPU
		Debug|x64 = Debug|x64
		Debug|x86 = Debug|x86
		Release|Any CPU = Release|Any CPU
		Release|x64 = Release|x64
		Release|x86 = Release|x86
	EndGlobalSection
	GlobalSection(SolutionProperties) = preSolution
		HideSolutionNode = FALSE
	EndGlobalSection
	GlobalSection(ProjectConfigurationPlatforms) = postSolution
		{707498D2-285F-4215-A4FE-CA707AC62905}.Debug|Any CPU.ActiveCfg = Debug|Any CPU
		{707498D2-285F-4215-A4FE-CA707AC62905}.Debug|Any CPU.Build.0 = Debug|Any CPU
		{707498D2-285F-4215-A4FE-CA707AC62905}.Debug|x64.ActiveCfg = Debug|Any CPU
		{707498D2-285F-4215-A4FE-CA707AC62905}.Debug|x64.Build.0 = Debug|Any CPU
		{707498D2-285F-4215-A4FE-CA707AC62905}.Debug|x86.ActiveCfg = Debug|Any CPU
		{707498D2-285F-4215-A4FE-CA707AC62905}.Debug|x86.Build.0 = Debug|Any CPU
		{707498D2-285F-4215-A4FE-CA707AC62905}.Release|Any CPU.ActiveCfg = Release|Any CPU
		{707498D2-285F-4215-A4FE-CA707AC62905}.Release|Any CPU.Build.0 = Release|Any CPU
		{707498D2-285F-4215-A4FE-CA707AC62905}.Release|x64.ActiveCfg = Release|Any CPU
		{707498D2-285F-4215-A4FE-CA707AC62905}.Release|x64.Build.0 = Release|Any CPU
		{707498D2-285F-4215-A4FE-CA707AC62905}.Release|x86.ActiveCfg = Release|Any CPU
		{707498D2-285F-4215-A4FE-CA707AC62905}.Release|x86.Build.0 = Release|Any CPU
	EndGlobalSection
	GlobalSection(NestedProjects) = preSolution
		{4295366E-D368-46BB-8139-178D8344D065} = {10DB9B7F-E590-4CD3-BC91-5410E269FFE7}
		{707498D2-285F-4215-A4FE-CA707AC62905} = {4295366E-D368-46BB-8139-178D8344D065}
	EndGlobalSection
EndGlobal
